// !$*UTF8*$!
{
	archiveVersion = 1;
	classes = {
	};
	objectVersion = 50;
	objects = {

/* Begin PBXBuildFile section */
		03F4D910DFBC82F8906DA2E4 /* Pods_Nebula_Messenger.framework in Frameworks */ = {isa = PBXBuildFile; fileRef = 34311F4A11E9114E39FEE217 /* Pods_Nebula_Messenger.framework */; };
		1F16E62222078E6000FC7B78 /* SearchBarHeaderView.swift in Sources */ = {isa = PBXBuildFile; fileRef = 1F16E62122078E5F00FC7B78 /* SearchBarHeaderView.swift */; };
		1F16E625220B352300FC7B78 /* FriendsVC.swift in Sources */ = {isa = PBXBuildFile; fileRef = 1F16E624220B352300FC7B78 /* FriendsVC.swift */; };
		1F16E627220B354A00FC7B78 /* FriendsView.swift in Sources */ = {isa = PBXBuildFile; fileRef = 1F16E626220B354A00FC7B78 /* FriendsView.swift */; };
		1F16E629220D660F00FC7B78 /* CustomAnim.swift in Sources */ = {isa = PBXBuildFile; fileRef = 1F16E628220D660F00FC7B78 /* CustomAnim.swift */; };
		1F16E62B220D75BC00FC7B78 /* CustomInteractor.swift in Sources */ = {isa = PBXBuildFile; fileRef = 1F16E62A220D75BC00FC7B78 /* CustomInteractor.swift */; };
		1F16E62D221014E900FC7B78 /* RequestedTableViewCell.swift in Sources */ = {isa = PBXBuildFile; fileRef = 1F16E62C221014E900FC7B78 /* RequestedTableViewCell.swift */; };
		1F170F162162FD1B009673E2 /* FriendRoutes.swift in Sources */ = {isa = PBXBuildFile; fileRef = 1F170F152162FD1B009673E2 /* FriendRoutes.swift */; };
		1F170F182163DBB3009673E2 /* ConversationRoutes.swift in Sources */ = {isa = PBXBuildFile; fileRef = 1F170F172163DBB3009673E2 /* ConversationRoutes.swift */; };
		1F170F1A21647157009673E2 /* PoolRoutes.swift in Sources */ = {isa = PBXBuildFile; fileRef = 1F170F1921647156009673E2 /* PoolRoutes.swift */; };
		1F170F1C216718E5009673E2 /* RetroTone.caf in Resources */ = {isa = PBXBuildFile; fileRef = 1F170F1B216718B8009673E2 /* RetroTone.caf */; };
		1F2CE44A216DD9C100B15C59 /* PoolAnnotation.swift in Sources */ = {isa = PBXBuildFile; fileRef = 1F2CE449216DD9C100B15C59 /* PoolAnnotation.swift */; };
		1F2CE4502175D07300B15C59 /* Outgoing-Message.caf in Resources */ = {isa = PBXBuildFile; fileRef = 1F2CE44E2175D07300B15C59 /* Outgoing-Message.caf */; };
		1F2CE4512175D07300B15C59 /* Incoming-Message.caf in Resources */ = {isa = PBXBuildFile; fileRef = 1F2CE44F2175D07300B15C59 /* Incoming-Message.caf */; };
		1F2CE4532175D0C100B15C59 /* MasterAudio.swift in Sources */ = {isa = PBXBuildFile; fileRef = 1F2CE4522175D0C100B15C59 /* MasterAudio.swift */; };
		1F42502F21DC9DFE00CE108C /* ProfileView.swift in Sources */ = {isa = PBXBuildFile; fileRef = 1F42502E21DC9DFE00CE108C /* ProfileView.swift */; };
		1F42503221E4047A00CE108C /* LoginView.swift in Sources */ = {isa = PBXBuildFile; fileRef = 1F42503121E4047A00CE108C /* LoginView.swift */; };
		1F5DAE4321E9F0F600BC26DB /* PhoneNumberRegVC.swift in Sources */ = {isa = PBXBuildFile; fileRef = 1F5DAE4221E9F0F600BC26DB /* PhoneNumberRegVC.swift */; };
		1F5DAE4521FA316500BC26DB /* TestMapBoxView.swift in Sources */ = {isa = PBXBuildFile; fileRef = 1F5DAE4421FA316500BC26DB /* TestMapBoxView.swift */; };
		1F5DAE4721FA33C200BC26DB /* TestMapBoxVC.swift in Sources */ = {isa = PBXBuildFile; fileRef = 1F5DAE4621FA33C200BC26DB /* TestMapBoxVC.swift */; };
		1F5DAE4921FEF60600BC26DB /* MBPoolAnnotation.swift in Sources */ = {isa = PBXBuildFile; fileRef = 1F5DAE4821FEF60600BC26DB /* MBPoolAnnotation.swift */; };
		1F68B2682152227F00DC9525 /* AppDelegate.swift in Sources */ = {isa = PBXBuildFile; fileRef = 1F68B2672152227F00DC9525 /* AppDelegate.swift */; };
		1F68B26A2152227F00DC9525 /* LoginVC.swift in Sources */ = {isa = PBXBuildFile; fileRef = 1F68B2692152227F00DC9525 /* LoginVC.swift */; };
		1F68B26F2152228100DC9525 /* Assets.xcassets in Resources */ = {isa = PBXBuildFile; fileRef = 1F68B26E2152228100DC9525 /* Assets.xcassets */; };
		1F68B2722152228100DC9525 /* LaunchScreen.storyboard in Resources */ = {isa = PBXBuildFile; fileRef = 1F68B2702152228100DC9525 /* LaunchScreen.storyboard */; };
		1F68B27D2152228100DC9525 /* Nebula_MessengerTests.swift in Sources */ = {isa = PBXBuildFile; fileRef = 1F68B27C2152228100DC9525 /* Nebula_MessengerTests.swift */; };
		1F68B2882152228100DC9525 /* Nebula_MessengerUITests.swift in Sources */ = {isa = PBXBuildFile; fileRef = 1F68B2872152228100DC9525 /* Nebula_MessengerUITests.swift */; };
		1F68B298215222DD00DC9525 /* MapKit.framework in Frameworks */ = {isa = PBXBuildFile; fileRef = 1F68B297215222DD00DC9525 /* MapKit.framework */; };
		1F68B29A215222E400DC9525 /* StoreKit.framework in Frameworks */ = {isa = PBXBuildFile; fileRef = 1F68B299215222E400DC9525 /* StoreKit.framework */; };
		1F68B29E2152245A00DC9525 /* GoogleService-Info.plist in Resources */ = {isa = PBXBuildFile; fileRef = 1F68B29D2152245A00DC9525 /* GoogleService-Info.plist */; };
		1F68B2A02152258400DC9525 /* SwiftyJSON.swift in Sources */ = {isa = PBXBuildFile; fileRef = 1F68B29F2152258400DC9525 /* SwiftyJSON.swift */; };
		1F68B2A42152367A00DC9525 /* FirebaseGlobals.swift in Sources */ = {isa = PBXBuildFile; fileRef = 1F68B2A32152367A00DC9525 /* FirebaseGlobals.swift */; };
		1F68B2AE2152740700DC9525 /* SocketIOManager.swift in Sources */ = {isa = PBXBuildFile; fileRef = 1F68B2AD2152740700DC9525 /* SocketIOManager.swift */; };
		1F68B2B02152749700DC9525 /* GlobalUser.swift in Sources */ = {isa = PBXBuildFile; fileRef = 1F68B2AF2152749700DC9525 /* GlobalUser.swift */; };
		1F68B2B22152751700DC9525 /* Routes.swift in Sources */ = {isa = PBXBuildFile; fileRef = 1F68B2B12152751700DC9525 /* Routes.swift */; };
		1F68B2B6215275CB00DC9525 /* PublicStructs.swift in Sources */ = {isa = PBXBuildFile; fileRef = 1F68B2B5215275CB00DC9525 /* PublicStructs.swift */; };
		1F68B2B82152762A00DC9525 /* Utility.swift in Sources */ = {isa = PBXBuildFile; fileRef = 1F68B2B72152762A00DC9525 /* Utility.swift */; };
		1F68B2BB2152789B00DC9525 /* RouteUtils.swift in Sources */ = {isa = PBXBuildFile; fileRef = 1F68B2BA2152789B00DC9525 /* RouteUtils.swift */; };
		1F68B2BD2152DD1300DC9525 /* RegisterVC.swift in Sources */ = {isa = PBXBuildFile; fileRef = 1F68B2BC2152DD1300DC9525 /* RegisterVC.swift */; };
		1F68B2BF2154A64D00DC9525 /* MessengerVC.swift in Sources */ = {isa = PBXBuildFile; fileRef = 1F68B2BE2154A64D00DC9525 /* MessengerVC.swift */; };
		1F68B2C12154C1C400DC9525 /* MainMenuVC.swift in Sources */ = {isa = PBXBuildFile; fileRef = 1F68B2C02154C1C400DC9525 /* MainMenuVC.swift */; };
		1F76C7DA215859C200EB6C8C /* RetroTone1.caf in Resources */ = {isa = PBXBuildFile; fileRef = 1F68B2B32152757300DC9525 /* RetroTone1.caf */; };
		1F76C7DC215899B500EB6C8C /* MyProfileVC.swift in Sources */ = {isa = PBXBuildFile; fileRef = 1F76C7DB215899B500EB6C8C /* MyProfileVC.swift */; };
		1F76C7E02158A95500EB6C8C /* CreateMessageVC.swift in Sources */ = {isa = PBXBuildFile; fileRef = 1F76C7DF2158A95500EB6C8C /* CreateMessageVC.swift */; };
		1F7E94BE2199BBAF00AA5715 /* PoolChatView.swift in Sources */ = {isa = PBXBuildFile; fileRef = 1F7E94BD2199BBAF00AA5715 /* PoolChatView.swift */; };
		1F7F763421AD10BA008D3BB1 /* AddFriendVC.swift in Sources */ = {isa = PBXBuildFile; fileRef = 1F7F763321AD10BA008D3BB1 /* AddFriendVC.swift */; };
		1F7F763621AD38F5008D3BB1 /* RequestedFriendsVC.swift in Sources */ = {isa = PBXBuildFile; fileRef = 1F7F763521AD38F5008D3BB1 /* RequestedFriendsVC.swift */; };
		1FA20BC7218D6E83007317B5 /* UserRoutes.swift in Sources */ = {isa = PBXBuildFile; fileRef = 1FA20BC6218D6E83007317B5 /* UserRoutes.swift */; };
		1FA20BC9218D6FCD007317B5 /* MessageRoutes.swift in Sources */ = {isa = PBXBuildFile; fileRef = 1FA20BC8218D6FCD007317B5 /* MessageRoutes.swift */; };
		1FA20BCC218D728C007317B5 /* GroupChatAddVC.swift in Sources */ = {isa = PBXBuildFile; fileRef = 1FA20BCB218D728C007317B5 /* GroupChatAddVC.swift */; };
		1FA20BD721915671007317B5 /* MessengerView.swift in Sources */ = {isa = PBXBuildFile; fileRef = 1FA20BD621915671007317B5 /* MessengerView.swift */; };
		1FAF4D0821B4FF6100843C89 /* AlertBP.swift in Sources */ = {isa = PBXBuildFile; fileRef = 1FAF4D0721B4FF6100843C89 /* AlertBP.swift */; };
		1FB413EF21D7306800CB1288 /* FakeLaunchVC.swift in Sources */ = {isa = PBXBuildFile; fileRef = 1FB413EE21D7306800CB1288 /* FakeLaunchVC.swift */; };
		1FB413F221D7587700CB1288 /* CreateMessageView.swift in Sources */ = {isa = PBXBuildFile; fileRef = 1FB413F121D7587700CB1288 /* CreateMessageView.swift */; };
		1FC7ED2A21E4912F002F1422 /* CustomTransitions.swift in Sources */ = {isa = PBXBuildFile; fileRef = 1FC7ED2921E4912F002F1422 /* CustomTransitions.swift */; };
		1FC7ED2D21E49958002F1422 /* RegisterView.swift in Sources */ = {isa = PBXBuildFile; fileRef = 1FC7ED2C21E49958002F1422 /* RegisterView.swift */; };
		1FC7ED3021E4A5F1002F1422 /* SettingsView.swift in Sources */ = {isa = PBXBuildFile; fileRef = 1FC7ED2F21E4A5F1002F1422 /* SettingsView.swift */; };
		1FC7ED3221E4A606002F1422 /* SettingsVC.swift in Sources */ = {isa = PBXBuildFile; fileRef = 1FC7ED3121E4A606002F1422 /* SettingsVC.swift */; };
		1FC7ED3421E4A71F002F1422 /* SettingsCell.swift in Sources */ = {isa = PBXBuildFile; fileRef = 1FC7ED3321E4A71F002F1422 /* SettingsCell.swift */; };
		1FC7ED3621E5B7D7002F1422 /* NALoading1.swift in Sources */ = {isa = PBXBuildFile; fileRef = 1FC7ED3521E5B7D7002F1422 /* NALoading1.swift */; };
		1FC7ED3821E5C564002F1422 /* CustomMath.swift in Sources */ = {isa = PBXBuildFile; fileRef = 1FC7ED3721E5C564002F1422 /* CustomMath.swift */; };
		1FC7ED3B21E5E67B002F1422 /* CanvasRoutes.swift in Sources */ = {isa = PBXBuildFile; fileRef = 1FC7ED3A21E5E67B002F1422 /* CanvasRoutes.swift */; };
		1FC7ED3D21E5E929002F1422 /* CanvasCourseRouting.swift in Sources */ = {isa = PBXBuildFile; fileRef = 1FC7ED3C21E5E929002F1422 /* CanvasCourseRouting.swift */; };
		1FDB13ED222231EB007CD0E2 /* ModularKeyboard.swift in Sources */ = {isa = PBXBuildFile; fileRef = 1FDB13EC222231EB007CD0E2 /* ModularKeyboard.swift */; };
		1FDB13EF222686F5007CD0E2 /* MainMenuView.swift in Sources */ = {isa = PBXBuildFile; fileRef = 1FDB13EE222686F5007CD0E2 /* MainMenuView.swift */; };
		1FDB13F22227244D007CD0E2 /* MessengerBaseVC.swift in Sources */ = {isa = PBXBuildFile; fileRef = 1FDB13F12227244D007CD0E2 /* MessengerBaseVC.swift */; };
		1FDB13F5222F3F42007CD0E2 /* MessengerBaseView.swift in Sources */ = {isa = PBXBuildFile; fileRef = 1FDB13F4222F3F42007CD0E2 /* MessengerBaseView.swift */; };
		1FDB13F72235035C007CD0E2 /* MessengerBaseViewProto.swift in Sources */ = {isa = PBXBuildFile; fileRef = 1FDB13F62235035C007CD0E2 /* MessengerBaseViewProto.swift */; };
		1FDB13F922361ACD007CD0E2 /* PoolChatViewProtocol.swift in Sources */ = {isa = PBXBuildFile; fileRef = 1FDB13F822361ACD007CD0E2 /* PoolChatViewProtocol.swift */; };
		1FDB14C4223A488E007CD0E2 /* NotificationCenter.framework in Frameworks */ = {isa = PBXBuildFile; fileRef = 1FDB14C3223A488E007CD0E2 /* NotificationCenter.framework */; };
		1FDB14C7223A488E007CD0E2 /* TodayViewController.swift in Sources */ = {isa = PBXBuildFile; fileRef = 1FDB14C6223A488E007CD0E2 /* TodayViewController.swift */; };
		1FDB14CA223A488F007CD0E2 /* MainInterface.storyboard in Resources */ = {isa = PBXBuildFile; fileRef = 1FDB14C8223A488E007CD0E2 /* MainInterface.storyboard */; };
		1FDB14CE223A488F007CD0E2 /* Nebula Widget.appex in Embed App Extensions */ = {isa = PBXBuildFile; fileRef = 1FDB14C2223A488E007CD0E2 /* Nebula Widget.appex */; settings = {ATTRIBUTES = (RemoveHeadersOnCopy, ); }; };
		1FE4F0FA21687D4400E4EF72 /* MessageBubble.swift in Sources */ = {isa = PBXBuildFile; fileRef = 1FE4F0F921687D4400E4EF72 /* MessageBubble.swift */; };
		1FE4F0FC2168834700E4EF72 /* DiagnosticRoutes.swift in Sources */ = {isa = PBXBuildFile; fileRef = 1FE4F0FB2168834700E4EF72 /* DiagnosticRoutes.swift */; };
		1FE4F0FE216AB86700E4EF72 /* ColorCell.swift in Sources */ = {isa = PBXBuildFile; fileRef = 1FE4F0FD216AB86700E4EF72 /* ColorCell.swift */; };
		1FE4F101216B139200E4EF72 /* FeedbackVC.swift in Sources */ = {isa = PBXBuildFile; fileRef = 1FE4F100216B139200E4EF72 /* FeedbackVC.swift */; };
		1FE4F103216CA86C00E4EF72 /* PoolChatCell.swift in Sources */ = {isa = PBXBuildFile; fileRef = 1FE4F102216CA86C00E4EF72 /* PoolChatCell.swift */; };
		1FE4F105216D321A00E4EF72 /* PoolChatVC.swift in Sources */ = {isa = PBXBuildFile; fileRef = 1FE4F104216D321A00E4EF72 /* PoolChatVC.swift */; };
		2CCCB3997304155B3445A393 /* Pods_Nebula_MessengerTests.framework in Frameworks */ = {isa = PBXBuildFile; fileRef = B194178D93103E59D5D33947 /* Pods_Nebula_MessengerTests.framework */; };
		3F307F4C0BF787A6773DDA22 /* Pods_Nebula_MessengerUITests.framework in Frameworks */ = {isa = PBXBuildFile; fileRef = C1265EF37ED48A66D44E1595 /* Pods_Nebula_MessengerUITests.framework */; };
/* End PBXBuildFile section */

/* Begin PBXContainerItemProxy section */
		1F68B2792152228100DC9525 /* PBXContainerItemProxy */ = {
			isa = PBXContainerItemProxy;
			containerPortal = 1F68B25C2152227F00DC9525 /* Project object */;
			proxyType = 1;
			remoteGlobalIDString = 1F68B2632152227F00DC9525;
			remoteInfo = "Nebula Messenger";
		};
		1F68B2842152228100DC9525 /* PBXContainerItemProxy */ = {
			isa = PBXContainerItemProxy;
			containerPortal = 1F68B25C2152227F00DC9525 /* Project object */;
			proxyType = 1;
			remoteGlobalIDString = 1F68B2632152227F00DC9525;
			remoteInfo = "Nebula Messenger";
		};
		1FDB14CC223A488F007CD0E2 /* PBXContainerItemProxy */ = {
			isa = PBXContainerItemProxy;
			containerPortal = 1F68B25C2152227F00DC9525 /* Project object */;
			proxyType = 1;
			remoteGlobalIDString = 1FDB14C1223A488E007CD0E2;
			remoteInfo = "Nebula Widget";
		};
/* End PBXContainerItemProxy section */

/* Begin PBXCopyFilesBuildPhase section */
		1FDB14D2223A488F007CD0E2 /* Embed App Extensions */ = {
			isa = PBXCopyFilesBuildPhase;
			buildActionMask = 2147483647;
			dstPath = "";
			dstSubfolderSpec = 13;
			files = (
				1FDB14CE223A488F007CD0E2 /* Nebula Widget.appex in Embed App Extensions */,
			);
			name = "Embed App Extensions";
			runOnlyForDeploymentPostprocessing = 0;
		};
/* End PBXCopyFilesBuildPhase section */

/* Begin PBXFileReference section */
		1F16E62122078E5F00FC7B78 /* SearchBarHeaderView.swift */ = {isa = PBXFileReference; lastKnownFileType = sourcecode.swift; path = SearchBarHeaderView.swift; sourceTree = "<group>"; };
		1F16E624220B352300FC7B78 /* FriendsVC.swift */ = {isa = PBXFileReference; lastKnownFileType = sourcecode.swift; path = FriendsVC.swift; sourceTree = "<group>"; };
		1F16E626220B354A00FC7B78 /* FriendsView.swift */ = {isa = PBXFileReference; lastKnownFileType = sourcecode.swift; path = FriendsView.swift; sourceTree = "<group>"; };
		1F16E628220D660F00FC7B78 /* CustomAnim.swift */ = {isa = PBXFileReference; lastKnownFileType = sourcecode.swift; path = CustomAnim.swift; sourceTree = "<group>"; };
		1F16E62A220D75BC00FC7B78 /* CustomInteractor.swift */ = {isa = PBXFileReference; lastKnownFileType = sourcecode.swift; path = CustomInteractor.swift; sourceTree = "<group>"; };
		1F16E62C221014E900FC7B78 /* RequestedTableViewCell.swift */ = {isa = PBXFileReference; lastKnownFileType = sourcecode.swift; path = RequestedTableViewCell.swift; sourceTree = "<group>"; };
		1F170F152162FD1B009673E2 /* FriendRoutes.swift */ = {isa = PBXFileReference; lastKnownFileType = sourcecode.swift; path = FriendRoutes.swift; sourceTree = "<group>"; };
		1F170F172163DBB3009673E2 /* ConversationRoutes.swift */ = {isa = PBXFileReference; lastKnownFileType = sourcecode.swift; path = ConversationRoutes.swift; sourceTree = "<group>"; };
		1F170F1921647156009673E2 /* PoolRoutes.swift */ = {isa = PBXFileReference; lastKnownFileType = sourcecode.swift; path = PoolRoutes.swift; sourceTree = "<group>"; };
		1F170F1B216718B8009673E2 /* RetroTone.caf */ = {isa = PBXFileReference; lastKnownFileType = file; path = RetroTone.caf; sourceTree = "<group>"; };
		1F2CE449216DD9C100B15C59 /* PoolAnnotation.swift */ = {isa = PBXFileReference; lastKnownFileType = sourcecode.swift; path = PoolAnnotation.swift; sourceTree = "<group>"; };
		1F2CE44E2175D07300B15C59 /* Outgoing-Message.caf */ = {isa = PBXFileReference; lastKnownFileType = file; path = "Outgoing-Message.caf"; sourceTree = "<group>"; };
		1F2CE44F2175D07300B15C59 /* Incoming-Message.caf */ = {isa = PBXFileReference; lastKnownFileType = file; path = "Incoming-Message.caf"; sourceTree = "<group>"; };
		1F2CE4522175D0C100B15C59 /* MasterAudio.swift */ = {isa = PBXFileReference; lastKnownFileType = sourcecode.swift; path = MasterAudio.swift; sourceTree = "<group>"; };
		1F42502E21DC9DFE00CE108C /* ProfileView.swift */ = {isa = PBXFileReference; lastKnownFileType = sourcecode.swift; path = ProfileView.swift; sourceTree = "<group>"; };
		1F42503121E4047A00CE108C /* LoginView.swift */ = {isa = PBXFileReference; lastKnownFileType = sourcecode.swift; path = LoginView.swift; sourceTree = "<group>"; };
		1F5DAE4221E9F0F600BC26DB /* PhoneNumberRegVC.swift */ = {isa = PBXFileReference; lastKnownFileType = sourcecode.swift; path = PhoneNumberRegVC.swift; sourceTree = "<group>"; };
		1F5DAE4421FA316500BC26DB /* TestMapBoxView.swift */ = {isa = PBXFileReference; lastKnownFileType = sourcecode.swift; path = TestMapBoxView.swift; sourceTree = "<group>"; };
		1F5DAE4621FA33C200BC26DB /* TestMapBoxVC.swift */ = {isa = PBXFileReference; lastKnownFileType = sourcecode.swift; path = TestMapBoxVC.swift; sourceTree = "<group>"; };
		1F5DAE4821FEF60600BC26DB /* MBPoolAnnotation.swift */ = {isa = PBXFileReference; lastKnownFileType = sourcecode.swift; path = MBPoolAnnotation.swift; sourceTree = "<group>"; };
		1F68B2642152227F00DC9525 /* Nebula Messenger.app */ = {isa = PBXFileReference; explicitFileType = wrapper.application; includeInIndex = 0; path = "Nebula Messenger.app"; sourceTree = BUILT_PRODUCTS_DIR; };
		1F68B2672152227F00DC9525 /* AppDelegate.swift */ = {isa = PBXFileReference; lastKnownFileType = sourcecode.swift; path = AppDelegate.swift; sourceTree = "<group>"; };
		1F68B2692152227F00DC9525 /* LoginVC.swift */ = {isa = PBXFileReference; lastKnownFileType = sourcecode.swift; path = LoginVC.swift; sourceTree = "<group>"; };
		1F68B26E2152228100DC9525 /* Assets.xcassets */ = {isa = PBXFileReference; lastKnownFileType = folder.assetcatalog; path = Assets.xcassets; sourceTree = "<group>"; };
		1F68B2712152228100DC9525 /* Base */ = {isa = PBXFileReference; lastKnownFileType = file.storyboard; name = Base; path = Base.lproj/LaunchScreen.storyboard; sourceTree = "<group>"; };
		1F68B2732152228100DC9525 /* Info.plist */ = {isa = PBXFileReference; lastKnownFileType = text.plist.xml; path = Info.plist; sourceTree = "<group>"; };
		1F68B2782152228100DC9525 /* Nebula MessengerTests.xctest */ = {isa = PBXFileReference; explicitFileType = wrapper.cfbundle; includeInIndex = 0; path = "Nebula MessengerTests.xctest"; sourceTree = BUILT_PRODUCTS_DIR; };
		1F68B27C2152228100DC9525 /* Nebula_MessengerTests.swift */ = {isa = PBXFileReference; lastKnownFileType = sourcecode.swift; path = Nebula_MessengerTests.swift; sourceTree = "<group>"; };
		1F68B27E2152228100DC9525 /* Info.plist */ = {isa = PBXFileReference; lastKnownFileType = text.plist.xml; path = Info.plist; sourceTree = "<group>"; };
		1F68B2832152228100DC9525 /* Nebula MessengerUITests.xctest */ = {isa = PBXFileReference; explicitFileType = wrapper.cfbundle; includeInIndex = 0; path = "Nebula MessengerUITests.xctest"; sourceTree = BUILT_PRODUCTS_DIR; };
		1F68B2872152228100DC9525 /* Nebula_MessengerUITests.swift */ = {isa = PBXFileReference; lastKnownFileType = sourcecode.swift; path = Nebula_MessengerUITests.swift; sourceTree = "<group>"; };
		1F68B2892152228100DC9525 /* Info.plist */ = {isa = PBXFileReference; lastKnownFileType = text.plist.xml; path = Info.plist; sourceTree = "<group>"; };
		1F68B295215222D000DC9525 /* Nebula Messenger.entitlements */ = {isa = PBXFileReference; lastKnownFileType = text.plist.entitlements; path = "Nebula Messenger.entitlements"; sourceTree = "<group>"; };
		1F68B297215222DD00DC9525 /* MapKit.framework */ = {isa = PBXFileReference; lastKnownFileType = wrapper.framework; name = MapKit.framework; path = System/Library/Frameworks/MapKit.framework; sourceTree = SDKROOT; };
		1F68B299215222E400DC9525 /* StoreKit.framework */ = {isa = PBXFileReference; lastKnownFileType = wrapper.framework; name = StoreKit.framework; path = System/Library/Frameworks/StoreKit.framework; sourceTree = SDKROOT; };
		1F68B29B2152230300DC9525 /* AuthenticationServices.framework */ = {isa = PBXFileReference; lastKnownFileType = wrapper.framework; name = AuthenticationServices.framework; path = System/Library/Frameworks/AuthenticationServices.framework; sourceTree = SDKROOT; };
		1F68B29D2152245A00DC9525 /* GoogleService-Info.plist */ = {isa = PBXFileReference; fileEncoding = 4; lastKnownFileType = text.plist.xml; path = "GoogleService-Info.plist"; sourceTree = "<group>"; };
		1F68B29F2152258400DC9525 /* SwiftyJSON.swift */ = {isa = PBXFileReference; lastKnownFileType = sourcecode.swift; path = SwiftyJSON.swift; sourceTree = "<group>"; };
		1F68B2A32152367A00DC9525 /* FirebaseGlobals.swift */ = {isa = PBXFileReference; lastKnownFileType = sourcecode.swift; path = FirebaseGlobals.swift; sourceTree = "<group>"; };
		1F68B2AD2152740700DC9525 /* SocketIOManager.swift */ = {isa = PBXFileReference; lastKnownFileType = sourcecode.swift; path = SocketIOManager.swift; sourceTree = "<group>"; };
		1F68B2AF2152749700DC9525 /* GlobalUser.swift */ = {isa = PBXFileReference; lastKnownFileType = sourcecode.swift; path = GlobalUser.swift; sourceTree = "<group>"; };
		1F68B2B12152751700DC9525 /* Routes.swift */ = {isa = PBXFileReference; lastKnownFileType = sourcecode.swift; path = Routes.swift; sourceTree = "<group>"; };
		1F68B2B32152757300DC9525 /* RetroTone1.caf */ = {isa = PBXFileReference; lastKnownFileType = file; path = RetroTone1.caf; sourceTree = "<group>"; };
		1F68B2B5215275CB00DC9525 /* PublicStructs.swift */ = {isa = PBXFileReference; lastKnownFileType = sourcecode.swift; path = PublicStructs.swift; sourceTree = "<group>"; };
		1F68B2B72152762A00DC9525 /* Utility.swift */ = {isa = PBXFileReference; lastKnownFileType = sourcecode.swift; path = Utility.swift; sourceTree = "<group>"; };
		1F68B2BA2152789B00DC9525 /* RouteUtils.swift */ = {isa = PBXFileReference; lastKnownFileType = sourcecode.swift; path = RouteUtils.swift; sourceTree = "<group>"; };
		1F68B2BC2152DD1300DC9525 /* RegisterVC.swift */ = {isa = PBXFileReference; lastKnownFileType = sourcecode.swift; path = RegisterVC.swift; sourceTree = "<group>"; };
		1F68B2BE2154A64D00DC9525 /* MessengerVC.swift */ = {isa = PBXFileReference; lastKnownFileType = sourcecode.swift; path = MessengerVC.swift; sourceTree = "<group>"; };
		1F68B2C02154C1C400DC9525 /* MainMenuVC.swift */ = {isa = PBXFileReference; lastKnownFileType = sourcecode.swift; path = MainMenuVC.swift; sourceTree = "<group>"; };
		1F76C7DB215899B500EB6C8C /* MyProfileVC.swift */ = {isa = PBXFileReference; lastKnownFileType = sourcecode.swift; path = MyProfileVC.swift; sourceTree = "<group>"; };
		1F76C7DF2158A95500EB6C8C /* CreateMessageVC.swift */ = {isa = PBXFileReference; lastKnownFileType = sourcecode.swift; path = CreateMessageVC.swift; sourceTree = "<group>"; };
		1F7E94BD2199BBAF00AA5715 /* PoolChatView.swift */ = {isa = PBXFileReference; lastKnownFileType = sourcecode.swift; path = PoolChatView.swift; sourceTree = "<group>"; };
		1F7F763321AD10BA008D3BB1 /* AddFriendVC.swift */ = {isa = PBXFileReference; lastKnownFileType = sourcecode.swift; path = AddFriendVC.swift; sourceTree = "<group>"; };
		1F7F763521AD38F5008D3BB1 /* RequestedFriendsVC.swift */ = {isa = PBXFileReference; lastKnownFileType = sourcecode.swift; path = RequestedFriendsVC.swift; sourceTree = "<group>"; };
		1FA20BC6218D6E83007317B5 /* UserRoutes.swift */ = {isa = PBXFileReference; lastKnownFileType = sourcecode.swift; path = UserRoutes.swift; sourceTree = "<group>"; };
		1FA20BC8218D6FCD007317B5 /* MessageRoutes.swift */ = {isa = PBXFileReference; lastKnownFileType = sourcecode.swift; path = MessageRoutes.swift; sourceTree = "<group>"; };
		1FA20BCB218D728C007317B5 /* GroupChatAddVC.swift */ = {isa = PBXFileReference; lastKnownFileType = sourcecode.swift; path = GroupChatAddVC.swift; sourceTree = "<group>"; };
		1FA20BD621915671007317B5 /* MessengerView.swift */ = {isa = PBXFileReference; lastKnownFileType = sourcecode.swift; path = MessengerView.swift; sourceTree = "<group>"; };
		1FAF4D0721B4FF6100843C89 /* AlertBP.swift */ = {isa = PBXFileReference; lastKnownFileType = sourcecode.swift; path = AlertBP.swift; sourceTree = "<group>"; };
		1FB413EE21D7306800CB1288 /* FakeLaunchVC.swift */ = {isa = PBXFileReference; lastKnownFileType = sourcecode.swift; path = FakeLaunchVC.swift; sourceTree = "<group>"; };
		1FB413F121D7587700CB1288 /* CreateMessageView.swift */ = {isa = PBXFileReference; lastKnownFileType = sourcecode.swift; path = CreateMessageView.swift; sourceTree = "<group>"; };
		1FC7ED2921E4912F002F1422 /* CustomTransitions.swift */ = {isa = PBXFileReference; lastKnownFileType = sourcecode.swift; path = CustomTransitions.swift; sourceTree = "<group>"; };
		1FC7ED2C21E49958002F1422 /* RegisterView.swift */ = {isa = PBXFileReference; lastKnownFileType = sourcecode.swift; path = RegisterView.swift; sourceTree = "<group>"; };
		1FC7ED2F21E4A5F1002F1422 /* SettingsView.swift */ = {isa = PBXFileReference; lastKnownFileType = sourcecode.swift; path = SettingsView.swift; sourceTree = "<group>"; };
		1FC7ED3121E4A606002F1422 /* SettingsVC.swift */ = {isa = PBXFileReference; lastKnownFileType = sourcecode.swift; path = SettingsVC.swift; sourceTree = "<group>"; };
		1FC7ED3321E4A71F002F1422 /* SettingsCell.swift */ = {isa = PBXFileReference; lastKnownFileType = sourcecode.swift; path = SettingsCell.swift; sourceTree = "<group>"; };
		1FC7ED3521E5B7D7002F1422 /* NALoading1.swift */ = {isa = PBXFileReference; lastKnownFileType = sourcecode.swift; path = NALoading1.swift; sourceTree = "<group>"; };
		1FC7ED3721E5C564002F1422 /* CustomMath.swift */ = {isa = PBXFileReference; lastKnownFileType = sourcecode.swift; path = CustomMath.swift; sourceTree = "<group>"; };
		1FC7ED3A21E5E67B002F1422 /* CanvasRoutes.swift */ = {isa = PBXFileReference; lastKnownFileType = sourcecode.swift; path = CanvasRoutes.swift; sourceTree = "<group>"; };
		1FC7ED3C21E5E929002F1422 /* CanvasCourseRouting.swift */ = {isa = PBXFileReference; lastKnownFileType = sourcecode.swift; path = CanvasCourseRouting.swift; sourceTree = "<group>"; };
		1FDB13EC222231EB007CD0E2 /* ModularKeyboard.swift */ = {isa = PBXFileReference; lastKnownFileType = sourcecode.swift; path = ModularKeyboard.swift; sourceTree = "<group>"; };
		1FDB13EE222686F5007CD0E2 /* MainMenuView.swift */ = {isa = PBXFileReference; lastKnownFileType = sourcecode.swift; path = MainMenuView.swift; sourceTree = "<group>"; };
		1FDB13F12227244D007CD0E2 /* MessengerBaseVC.swift */ = {isa = PBXFileReference; lastKnownFileType = sourcecode.swift; path = MessengerBaseVC.swift; sourceTree = "<group>"; };
		1FDB13F4222F3F42007CD0E2 /* MessengerBaseView.swift */ = {isa = PBXFileReference; lastKnownFileType = sourcecode.swift; path = MessengerBaseView.swift; sourceTree = "<group>"; };
		1FDB13F62235035C007CD0E2 /* MessengerBaseViewProto.swift */ = {isa = PBXFileReference; lastKnownFileType = sourcecode.swift; path = MessengerBaseViewProto.swift; sourceTree = "<group>"; };
		1FDB13F822361ACD007CD0E2 /* PoolChatViewProtocol.swift */ = {isa = PBXFileReference; lastKnownFileType = sourcecode.swift; path = PoolChatViewProtocol.swift; sourceTree = "<group>"; };
		1FDB14C2223A488E007CD0E2 /* Nebula Widget.appex */ = {isa = PBXFileReference; explicitFileType = "wrapper.app-extension"; includeInIndex = 0; path = "Nebula Widget.appex"; sourceTree = BUILT_PRODUCTS_DIR; };
		1FDB14C3223A488E007CD0E2 /* NotificationCenter.framework */ = {isa = PBXFileReference; lastKnownFileType = wrapper.framework; name = NotificationCenter.framework; path = System/Library/Frameworks/NotificationCenter.framework; sourceTree = SDKROOT; };
		1FDB14C6223A488E007CD0E2 /* TodayViewController.swift */ = {isa = PBXFileReference; lastKnownFileType = sourcecode.swift; path = TodayViewController.swift; sourceTree = "<group>"; };
		1FDB14C9223A488F007CD0E2 /* Base */ = {isa = PBXFileReference; lastKnownFileType = file.storyboard; name = Base; path = Base.lproj/MainInterface.storyboard; sourceTree = "<group>"; };
		1FDB14CB223A488F007CD0E2 /* Info.plist */ = {isa = PBXFileReference; lastKnownFileType = text.plist.xml; path = Info.plist; sourceTree = "<group>"; };
		1FE4F0F921687D4400E4EF72 /* MessageBubble.swift */ = {isa = PBXFileReference; lastKnownFileType = sourcecode.swift; path = MessageBubble.swift; sourceTree = "<group>"; };
		1FE4F0FB2168834700E4EF72 /* DiagnosticRoutes.swift */ = {isa = PBXFileReference; lastKnownFileType = sourcecode.swift; path = DiagnosticRoutes.swift; sourceTree = "<group>"; };
		1FE4F0FD216AB86700E4EF72 /* ColorCell.swift */ = {isa = PBXFileReference; lastKnownFileType = sourcecode.swift; path = ColorCell.swift; sourceTree = "<group>"; };
		1FE4F100216B139200E4EF72 /* FeedbackVC.swift */ = {isa = PBXFileReference; lastKnownFileType = sourcecode.swift; path = FeedbackVC.swift; sourceTree = "<group>"; };
		1FE4F102216CA86C00E4EF72 /* PoolChatCell.swift */ = {isa = PBXFileReference; lastKnownFileType = sourcecode.swift; path = PoolChatCell.swift; sourceTree = "<group>"; };
		1FE4F104216D321A00E4EF72 /* PoolChatVC.swift */ = {isa = PBXFileReference; lastKnownFileType = sourcecode.swift; path = PoolChatVC.swift; sourceTree = "<group>"; };
		34311F4A11E9114E39FEE217 /* Pods_Nebula_Messenger.framework */ = {isa = PBXFileReference; explicitFileType = wrapper.framework; includeInIndex = 0; path = Pods_Nebula_Messenger.framework; sourceTree = BUILT_PRODUCTS_DIR; };
		4D4E0E1BC3C0735B97326380 /* Pods-Nebula MessengerUITests.release.xcconfig */ = {isa = PBXFileReference; includeInIndex = 1; lastKnownFileType = text.xcconfig; name = "Pods-Nebula MessengerUITests.release.xcconfig"; path = "Pods/Target Support Files/Pods-Nebula MessengerUITests/Pods-Nebula MessengerUITests.release.xcconfig"; sourceTree = "<group>"; };
		751DC700DA180EC2A39C1202 /* Pods-Nebula MessengerUITests.debug.xcconfig */ = {isa = PBXFileReference; includeInIndex = 1; lastKnownFileType = text.xcconfig; name = "Pods-Nebula MessengerUITests.debug.xcconfig"; path = "Pods/Target Support Files/Pods-Nebula MessengerUITests/Pods-Nebula MessengerUITests.debug.xcconfig"; sourceTree = "<group>"; };
		79D2AC0E990DB0988BFB8A3D /* Pods-Nebula Messenger.release.xcconfig */ = {isa = PBXFileReference; includeInIndex = 1; lastKnownFileType = text.xcconfig; name = "Pods-Nebula Messenger.release.xcconfig"; path = "Pods/Target Support Files/Pods-Nebula Messenger/Pods-Nebula Messenger.release.xcconfig"; sourceTree = "<group>"; };
		AC57574C956CDD8AD45B49C6 /* Pods-Nebula MessengerTests.debug.xcconfig */ = {isa = PBXFileReference; includeInIndex = 1; lastKnownFileType = text.xcconfig; name = "Pods-Nebula MessengerTests.debug.xcconfig"; path = "Pods/Target Support Files/Pods-Nebula MessengerTests/Pods-Nebula MessengerTests.debug.xcconfig"; sourceTree = "<group>"; };
		B194178D93103E59D5D33947 /* Pods_Nebula_MessengerTests.framework */ = {isa = PBXFileReference; explicitFileType = wrapper.framework; includeInIndex = 0; path = Pods_Nebula_MessengerTests.framework; sourceTree = BUILT_PRODUCTS_DIR; };
		C1265EF37ED48A66D44E1595 /* Pods_Nebula_MessengerUITests.framework */ = {isa = PBXFileReference; explicitFileType = wrapper.framework; includeInIndex = 0; path = Pods_Nebula_MessengerUITests.framework; sourceTree = BUILT_PRODUCTS_DIR; };
		DDB3068D867D34DC3384F248 /* Pods-Nebula Messenger.debug.xcconfig */ = {isa = PBXFileReference; includeInIndex = 1; lastKnownFileType = text.xcconfig; name = "Pods-Nebula Messenger.debug.xcconfig"; path = "Pods/Target Support Files/Pods-Nebula Messenger/Pods-Nebula Messenger.debug.xcconfig"; sourceTree = "<group>"; };
		FF3295CE16CE38884B7A147B /* Pods-Nebula MessengerTests.release.xcconfig */ = {isa = PBXFileReference; includeInIndex = 1; lastKnownFileType = text.xcconfig; name = "Pods-Nebula MessengerTests.release.xcconfig"; path = "Pods/Target Support Files/Pods-Nebula MessengerTests/Pods-Nebula MessengerTests.release.xcconfig"; sourceTree = "<group>"; };
/* End PBXFileReference section */

/* Begin PBXFrameworksBuildPhase section */
		1F68B2612152227F00DC9525 /* Frameworks */ = {
			isa = PBXFrameworksBuildPhase;
			buildActionMask = 2147483647;
			files = (
				1F68B298215222DD00DC9525 /* MapKit.framework in Frameworks */,
				1F68B29A215222E400DC9525 /* StoreKit.framework in Frameworks */,
				03F4D910DFBC82F8906DA2E4 /* Pods_Nebula_Messenger.framework in Frameworks */,
			);
			runOnlyForDeploymentPostprocessing = 0;
		};
		1F68B2752152228100DC9525 /* Frameworks */ = {
			isa = PBXFrameworksBuildPhase;
			buildActionMask = 2147483647;
			files = (
				2CCCB3997304155B3445A393 /* Pods_Nebula_MessengerTests.framework in Frameworks */,
			);
			runOnlyForDeploymentPostprocessing = 0;
		};
		1F68B2802152228100DC9525 /* Frameworks */ = {
			isa = PBXFrameworksBuildPhase;
			buildActionMask = 2147483647;
			files = (
				3F307F4C0BF787A6773DDA22 /* Pods_Nebula_MessengerUITests.framework in Frameworks */,
			);
			runOnlyForDeploymentPostprocessing = 0;
		};
		1FDB14BF223A488E007CD0E2 /* Frameworks */ = {
			isa = PBXFrameworksBuildPhase;
			buildActionMask = 2147483647;
			files = (
				1FDB14C4223A488E007CD0E2 /* NotificationCenter.framework in Frameworks */,
			);
			runOnlyForDeploymentPostprocessing = 0;
		};
/* End PBXFrameworksBuildPhase section */

/* Begin PBXGroup section */
		1F16E623220B34E800FC7B78 /* Friends Module */ = {
			isa = PBXGroup;
			children = (
				1F16E624220B352300FC7B78 /* FriendsVC.swift */,
				1F16E626220B354A00FC7B78 /* FriendsView.swift */,
			);
			path = "Friends Module";
			sourceTree = "<group>";
		};
		1F42502D21DC9DCB00CE108C /* Profile Module */ = {
			isa = PBXGroup;
			children = (
				1F76C7DB215899B500EB6C8C /* MyProfileVC.swift */,
				1F42502E21DC9DFE00CE108C /* ProfileView.swift */,
			);
			path = "Profile Module";
			sourceTree = "<group>";
		};
		1F42503021E4045C00CE108C /* Login Module */ = {
			isa = PBXGroup;
			children = (
				1F68B2692152227F00DC9525 /* LoginVC.swift */,
				1F42503121E4047A00CE108C /* LoginView.swift */,
			);
			path = "Login Module";
			sourceTree = "<group>";
		};
		1F68B25B2152227F00DC9525 = {
			isa = PBXGroup;
			children = (
				1F68B2662152227F00DC9525 /* Nebula Messenger */,
				1F68B27B2152228100DC9525 /* Nebula MessengerTests */,
				1F68B2862152228100DC9525 /* Nebula MessengerUITests */,
				1FDB14C5223A488E007CD0E2 /* Nebula Widget */,
				1F68B2652152227F00DC9525 /* Products */,
				1F68B296215222DD00DC9525 /* Frameworks */,
				D184A180A39800284F0C7F7D /* Pods */,
			);
			sourceTree = "<group>";
		};
		1F68B2652152227F00DC9525 /* Products */ = {
			isa = PBXGroup;
			children = (
				1F68B2642152227F00DC9525 /* Nebula Messenger.app */,
				1F68B2782152228100DC9525 /* Nebula MessengerTests.xctest */,
				1F68B2832152228100DC9525 /* Nebula MessengerUITests.xctest */,
				1FDB14C2223A488E007CD0E2 /* Nebula Widget.appex */,
			);
			name = Products;
			sourceTree = "<group>";
		};
		1F68B2662152227F00DC9525 /* Nebula Messenger */ = {
			isa = PBXGroup;
			children = (
				1FAF4D0621B4FF4C00843C89 /* Alerts */,
				1F68B295215222D000DC9525 /* Nebula Messenger.entitlements */,
				1F68B2672152227F00DC9525 /* AppDelegate.swift */,
				1FE4F0F821687CF400E4EF72 /* Custom Classes */,
				1FDB13F02227242A007CD0E2 /* CustomVC */,
				1FE4F0FF216B131200E4EF72 /* TestingViewControllers */,
				1F68B2B9215276AE00DC9525 /* ViewControllers */,
				1FA20BCA218D7250007317B5 /* ProgVCs */,
				1FDB13EB2222318B007CD0E2 /* Custom View Widgets */,
				1F68B2B42152757800DC9525 /* Sound */,
				1F68B2A22152366600DC9525 /* Globals */,
				1F68B2A12152260400DC9525 /* Lib */,
				1F68B2702152228100DC9525 /* LaunchScreen.storyboard */,
				1F68B26E2152228100DC9525 /* Assets.xcassets */,
				1F68B29D2152245A00DC9525 /* GoogleService-Info.plist */,
				1F68B2732152228100DC9525 /* Info.plist */,
			);
			path = "Nebula Messenger";
			sourceTree = "<group>";
		};
		1F68B27B2152228100DC9525 /* Nebula MessengerTests */ = {
			isa = PBXGroup;
			children = (
				1F68B27C2152228100DC9525 /* Nebula_MessengerTests.swift */,
				1F68B27E2152228100DC9525 /* Info.plist */,
			);
			path = "Nebula MessengerTests";
			sourceTree = "<group>";
		};
		1F68B2862152228100DC9525 /* Nebula MessengerUITests */ = {
			isa = PBXGroup;
			children = (
				1F68B2872152228100DC9525 /* Nebula_MessengerUITests.swift */,
				1F68B2892152228100DC9525 /* Info.plist */,
			);
			path = "Nebula MessengerUITests";
			sourceTree = "<group>";
		};
		1F68B296215222DD00DC9525 /* Frameworks */ = {
			isa = PBXGroup;
			children = (
				1F68B29B2152230300DC9525 /* AuthenticationServices.framework */,
				1F68B299215222E400DC9525 /* StoreKit.framework */,
				1F68B297215222DD00DC9525 /* MapKit.framework */,
				34311F4A11E9114E39FEE217 /* Pods_Nebula_Messenger.framework */,
				B194178D93103E59D5D33947 /* Pods_Nebula_MessengerTests.framework */,
				C1265EF37ED48A66D44E1595 /* Pods_Nebula_MessengerUITests.framework */,
				1FDB14C3223A488E007CD0E2 /* NotificationCenter.framework */,
			);
			name = Frameworks;
			sourceTree = "<group>";
		};
		1F68B2A12152260400DC9525 /* Lib */ = {
			isa = PBXGroup;
			children = (
				1F68B29F2152258400DC9525 /* SwiftyJSON.swift */,
			);
			path = Lib;
			sourceTree = "<group>";
		};
		1F68B2A22152366600DC9525 /* Globals */ = {
			isa = PBXGroup;
			children = (
				1FC7ED3921E5E662002F1422 /* Canvas */,
				1F68B2C22155838B00DC9525 /* Routing */,
				1F68B2A32152367A00DC9525 /* FirebaseGlobals.swift */,
				1F68B2AD2152740700DC9525 /* SocketIOManager.swift */,
				1F68B2AF2152749700DC9525 /* GlobalUser.swift */,
				1F68B2B5215275CB00DC9525 /* PublicStructs.swift */,
				1F68B2B72152762A00DC9525 /* Utility.swift */,
				1FC7ED3721E5C564002F1422 /* CustomMath.swift */,
			);
			path = Globals;
			sourceTree = "<group>";
		};
		1F68B2B42152757800DC9525 /* Sound */ = {
			isa = PBXGroup;
			children = (
				1F170F1B216718B8009673E2 /* RetroTone.caf */,
				1F68B2B32152757300DC9525 /* RetroTone1.caf */,
				1F2CE44F2175D07300B15C59 /* Incoming-Message.caf */,
				1F2CE44E2175D07300B15C59 /* Outgoing-Message.caf */,
			);
			path = Sound;
			sourceTree = "<group>";
		};
		1F68B2B9215276AE00DC9525 /* ViewControllers */ = {
			isa = PBXGroup;
			children = (
				1FC7ED2B21E49925002F1422 /* Register Module */,
				1F42503021E4045C00CE108C /* Login Module */,
				1F16E623220B34E800FC7B78 /* Friends Module */,
				1F8A3A8D21BA24AA008E42DB /* Main Menu */,
				1FB413F021D7584800CB1288 /* Create Message Module */,
				1F42502D21DC9DCB00CE108C /* Profile Module */,
				1FC7ED2E21E4A5D5002F1422 /* Settings Module */,
				1FA20BCD21901D4F007317B5 /* Messenger Module */,
				1F7E94BC2199BB0E00AA5715 /* Pooling Module */,
				1FB413EE21D7306800CB1288 /* FakeLaunchVC.swift */,
			);
			path = ViewControllers;
			sourceTree = "<group>";
		};
		1F68B2C22155838B00DC9525 /* Routing */ = {
			isa = PBXGroup;
			children = (
				1F68B2B12152751700DC9525 /* Routes.swift */,
				1F68B2BA2152789B00DC9525 /* RouteUtils.swift */,
				1F170F152162FD1B009673E2 /* FriendRoutes.swift */,
				1F170F172163DBB3009673E2 /* ConversationRoutes.swift */,
				1F170F1921647156009673E2 /* PoolRoutes.swift */,
				1FE4F0FB2168834700E4EF72 /* DiagnosticRoutes.swift */,
				1FA20BC6218D6E83007317B5 /* UserRoutes.swift */,
				1FA20BC8218D6FCD007317B5 /* MessageRoutes.swift */,
			);
			path = Routing;
			sourceTree = "<group>";
		};
		1F7E94BC2199BB0E00AA5715 /* Pooling Module */ = {
			isa = PBXGroup;
			children = (
				1FE4F104216D321A00E4EF72 /* PoolChatVC.swift */,
				1F7E94BD2199BBAF00AA5715 /* PoolChatView.swift */,
				1F5DAE4421FA316500BC26DB /* TestMapBoxView.swift */,
				1F5DAE4621FA33C200BC26DB /* TestMapBoxVC.swift */,
			);
			path = "Pooling Module";
			sourceTree = "<group>";
		};
		1F8A3A8D21BA24AA008E42DB /* Main Menu */ = {
			isa = PBXGroup;
			children = (
				1F68B2C02154C1C400DC9525 /* MainMenuVC.swift */,
				1FDB13EE222686F5007CD0E2 /* MainMenuView.swift */,
			);
			path = "Main Menu";
			sourceTree = "<group>";
		};
		1FA20BCA218D7250007317B5 /* ProgVCs */ = {
			isa = PBXGroup;
			children = (
				1FA20BCB218D728C007317B5 /* GroupChatAddVC.swift */,
				1F7F763321AD10BA008D3BB1 /* AddFriendVC.swift */,
				1F7F763521AD38F5008D3BB1 /* RequestedFriendsVC.swift */,
			);
			path = ProgVCs;
			sourceTree = "<group>";
		};
		1FA20BCD21901D4F007317B5 /* Messenger Module */ = {
			isa = PBXGroup;
			children = (
				1F68B2BE2154A64D00DC9525 /* MessengerVC.swift */,
				1FA20BD621915671007317B5 /* MessengerView.swift */,
			);
			path = "Messenger Module";
			sourceTree = "<group>";
		};
		1FAF4D0621B4FF4C00843C89 /* Alerts */ = {
			isa = PBXGroup;
			children = (
				1FAF4D0721B4FF6100843C89 /* AlertBP.swift */,
			);
			path = Alerts;
			sourceTree = "<group>";
		};
		1FB413F021D7584800CB1288 /* Create Message Module */ = {
			isa = PBXGroup;
			children = (
				1F76C7DF2158A95500EB6C8C /* CreateMessageVC.swift */,
				1FB413F121D7587700CB1288 /* CreateMessageView.swift */,
			);
			path = "Create Message Module";
			sourceTree = "<group>";
		};
		1FC7ED2B21E49925002F1422 /* Register Module */ = {
			isa = PBXGroup;
			children = (
				1F68B2BC2152DD1300DC9525 /* RegisterVC.swift */,
				1FC7ED2C21E49958002F1422 /* RegisterView.swift */,
				1F5DAE4221E9F0F600BC26DB /* PhoneNumberRegVC.swift */,
			);
			path = "Register Module";
			sourceTree = "<group>";
		};
		1FC7ED2E21E4A5D5002F1422 /* Settings Module */ = {
			isa = PBXGroup;
			children = (
				1FC7ED2F21E4A5F1002F1422 /* SettingsView.swift */,
				1FC7ED3121E4A606002F1422 /* SettingsVC.swift */,
			);
			path = "Settings Module";
			sourceTree = "<group>";
		};
		1FC7ED3921E5E662002F1422 /* Canvas */ = {
			isa = PBXGroup;
			children = (
				1FC7ED3A21E5E67B002F1422 /* CanvasRoutes.swift */,
				1FC7ED3C21E5E929002F1422 /* CanvasCourseRouting.swift */,
			);
			path = Canvas;
			sourceTree = "<group>";
		};
		1FDB13EB2222318B007CD0E2 /* Custom View Widgets */ = {
			isa = PBXGroup;
			children = (
				1FDB13EC222231EB007CD0E2 /* ModularKeyboard.swift */,
			);
			path = "Custom View Widgets";
			sourceTree = "<group>";
		};
		1FDB13F02227242A007CD0E2 /* CustomVC */ = {
			isa = PBXGroup;
			children = (
				1FDB13F3222F3EF5007CD0E2 /* MessengerBase */,
			);
			path = CustomVC;
			sourceTree = "<group>";
		};
		1FDB13F3222F3EF5007CD0E2 /* MessengerBase */ = {
			isa = PBXGroup;
			children = (
				1FDB13F12227244D007CD0E2 /* MessengerBaseVC.swift */,
				1FDB13F4222F3F42007CD0E2 /* MessengerBaseView.swift */,
				1FDB13F62235035C007CD0E2 /* MessengerBaseViewProto.swift */,
				1FDB13F822361ACD007CD0E2 /* PoolChatViewProtocol.swift */,
			);
			path = MessengerBase;
			sourceTree = "<group>";
		};
		1FDB14C5223A488E007CD0E2 /* Nebula Widget */ = {
			isa = PBXGroup;
			children = (
				1FDB14C6223A488E007CD0E2 /* TodayViewController.swift */,
				1FDB14C8223A488E007CD0E2 /* MainInterface.storyboard */,
				1FDB14CB223A488F007CD0E2 /* Info.plist */,
			);
			path = "Nebula Widget";
			sourceTree = "<group>";
		};
		1FE4F0F821687CF400E4EF72 /* Custom Classes */ = {
			isa = PBXGroup;
			children = (
				1FE4F0F921687D4400E4EF72 /* MessageBubble.swift */,
				1FE4F0FD216AB86700E4EF72 /* ColorCell.swift */,
				1FE4F102216CA86C00E4EF72 /* PoolChatCell.swift */,
				1F2CE449216DD9C100B15C59 /* PoolAnnotation.swift */,
				1F2CE4522175D0C100B15C59 /* MasterAudio.swift */,
				1FC7ED2921E4912F002F1422 /* CustomTransitions.swift */,
				1FC7ED3321E4A71F002F1422 /* SettingsCell.swift */,
				1FC7ED3521E5B7D7002F1422 /* NALoading1.swift */,
				1F5DAE4821FEF60600BC26DB /* MBPoolAnnotation.swift */,
				1F16E62122078E5F00FC7B78 /* SearchBarHeaderView.swift */,
				1F16E628220D660F00FC7B78 /* CustomAnim.swift */,
				1F16E62A220D75BC00FC7B78 /* CustomInteractor.swift */,
				1F16E62C221014E900FC7B78 /* RequestedTableViewCell.swift */,
			);
			path = "Custom Classes";
			sourceTree = "<group>";
		};
		1FE4F0FF216B131200E4EF72 /* TestingViewControllers */ = {
			isa = PBXGroup;
			children = (
				1FE4F100216B139200E4EF72 /* FeedbackVC.swift */,
			);
			path = TestingViewControllers;
			sourceTree = "<group>";
		};
		D184A180A39800284F0C7F7D /* Pods */ = {
			isa = PBXGroup;
			children = (
				DDB3068D867D34DC3384F248 /* Pods-Nebula Messenger.debug.xcconfig */,
				79D2AC0E990DB0988BFB8A3D /* Pods-Nebula Messenger.release.xcconfig */,
				AC57574C956CDD8AD45B49C6 /* Pods-Nebula MessengerTests.debug.xcconfig */,
				FF3295CE16CE38884B7A147B /* Pods-Nebula MessengerTests.release.xcconfig */,
				751DC700DA180EC2A39C1202 /* Pods-Nebula MessengerUITests.debug.xcconfig */,
				4D4E0E1BC3C0735B97326380 /* Pods-Nebula MessengerUITests.release.xcconfig */,
			);
			name = Pods;
			sourceTree = "<group>";
		};
/* End PBXGroup section */

/* Begin PBXNativeTarget section */
		1F68B2632152227F00DC9525 /* Nebula Messenger */ = {
			isa = PBXNativeTarget;
			buildConfigurationList = 1F68B28C2152228100DC9525 /* Build configuration list for PBXNativeTarget "Nebula Messenger" */;
			buildPhases = (
				592B6164159B870D7AB0ACF9 /* [CP] Check Pods Manifest.lock */,
				1F68B2602152227F00DC9525 /* Sources */,
				1F68B2612152227F00DC9525 /* Frameworks */,
				1F68B2622152227F00DC9525 /* Resources */,
				1F2CE44D2174903F00B15C59 /* Increment Build */,
				9220E27C2E09F7C67DEB28FC /* [CP] Embed Pods Frameworks */,
				1FDB14D2223A488F007CD0E2 /* Embed App Extensions */,
			);
			buildRules = (
			);
			dependencies = (
				1FDB14CD223A488F007CD0E2 /* PBXTargetDependency */,
			);
			name = "Nebula Messenger";
			productName = "Nebula Messenger";
			productReference = 1F68B2642152227F00DC9525 /* Nebula Messenger.app */;
			productType = "com.apple.product-type.application";
		};
		1F68B2772152228100DC9525 /* Nebula MessengerTests */ = {
			isa = PBXNativeTarget;
			buildConfigurationList = 1F68B28F2152228100DC9525 /* Build configuration list for PBXNativeTarget "Nebula MessengerTests" */;
			buildPhases = (
				77986232C73B46DADFC5A7BD /* [CP] Check Pods Manifest.lock */,
				1F68B2742152228100DC9525 /* Sources */,
				1F68B2752152228100DC9525 /* Frameworks */,
				1F68B2762152228100DC9525 /* Resources */,
			);
			buildRules = (
			);
			dependencies = (
				1F68B27A2152228100DC9525 /* PBXTargetDependency */,
			);
			name = "Nebula MessengerTests";
			productName = "Nebula MessengerTests";
			productReference = 1F68B2782152228100DC9525 /* Nebula MessengerTests.xctest */;
			productType = "com.apple.product-type.bundle.unit-test";
		};
		1F68B2822152228100DC9525 /* Nebula MessengerUITests */ = {
			isa = PBXNativeTarget;
			buildConfigurationList = 1F68B2922152228100DC9525 /* Build configuration list for PBXNativeTarget "Nebula MessengerUITests" */;
			buildPhases = (
				86748AD10E776FAA64B591AA /* [CP] Check Pods Manifest.lock */,
				1F68B27F2152228100DC9525 /* Sources */,
				1F68B2802152228100DC9525 /* Frameworks */,
				1F68B2812152228100DC9525 /* Resources */,
			);
			buildRules = (
			);
			dependencies = (
				1F68B2852152228100DC9525 /* PBXTargetDependency */,
			);
			name = "Nebula MessengerUITests";
			productName = "Nebula MessengerUITests";
			productReference = 1F68B2832152228100DC9525 /* Nebula MessengerUITests.xctest */;
			productType = "com.apple.product-type.bundle.ui-testing";
		};
		1FDB14C1223A488E007CD0E2 /* Nebula Widget */ = {
			isa = PBXNativeTarget;
			buildConfigurationList = 1FDB14D1223A488F007CD0E2 /* Build configuration list for PBXNativeTarget "Nebula Widget" */;
			buildPhases = (
				1FDB14BE223A488E007CD0E2 /* Sources */,
				1FDB14BF223A488E007CD0E2 /* Frameworks */,
				1FDB14C0223A488E007CD0E2 /* Resources */,
			);
			buildRules = (
			);
			dependencies = (
			);
			name = "Nebula Widget";
			productName = "Nebula Widget";
			productReference = 1FDB14C2223A488E007CD0E2 /* Nebula Widget.appex */;
			productType = "com.apple.product-type.app-extension";
		};
/* End PBXNativeTarget section */

/* Begin PBXProject section */
		1F68B25C2152227F00DC9525 /* Project object */ = {
			isa = PBXProject;
			attributes = {
				LastSwiftUpdateCheck = 1010;
				LastUpgradeCheck = 1000;
				ORGANIZATIONNAME = "Shelby McCowan";
				TargetAttributes = {
					1F68B2632152227F00DC9525 = {
						CreatedOnToolsVersion = 10.0;
						SystemCapabilities = {
							com.apple.AccessWiFi = {
								enabled = 1;
							};
							com.apple.AutoFillCredentialProvider = {
								enabled = 1;
							};
							com.apple.BackgroundModes = {
								enabled = 1;
							};
							com.apple.DataProtection = {
								enabled = 1;
							};
							com.apple.InAppPurchase = {
								enabled = 1;
							};
							com.apple.Maps.iOS = {
								enabled = 1;
							};
							com.apple.Push = {
								enabled = 1;
							};
							com.apple.iCloud = {
								enabled = 1;
							};
						};
					};
					1F68B2772152228100DC9525 = {
						CreatedOnToolsVersion = 10.0;
						TestTargetID = 1F68B2632152227F00DC9525;
					};
					1F68B2822152228100DC9525 = {
						CreatedOnToolsVersion = 10.0;
						TestTargetID = 1F68B2632152227F00DC9525;
					};
					1FDB14C1223A488E007CD0E2 = {
						CreatedOnToolsVersion = 10.1;
					};
				};
			};
			buildConfigurationList = 1F68B25F2152227F00DC9525 /* Build configuration list for PBXProject "Nebula Messenger" */;
			compatibilityVersion = "Xcode 9.3";
			developmentRegion = en;
			hasScannedForEncodings = 0;
			knownRegions = (
				en,
				Base,
			);
			mainGroup = 1F68B25B2152227F00DC9525;
			productRefGroup = 1F68B2652152227F00DC9525 /* Products */;
			projectDirPath = "";
			projectRoot = "";
			targets = (
				1F68B2632152227F00DC9525 /* Nebula Messenger */,
				1F68B2772152228100DC9525 /* Nebula MessengerTests */,
				1F68B2822152228100DC9525 /* Nebula MessengerUITests */,
				1FDB14C1223A488E007CD0E2 /* Nebula Widget */,
			);
		};
/* End PBXProject section */

/* Begin PBXResourcesBuildPhase section */
		1F68B2622152227F00DC9525 /* Resources */ = {
			isa = PBXResourcesBuildPhase;
			buildActionMask = 2147483647;
			files = (
				1F170F1C216718E5009673E2 /* RetroTone.caf in Resources */,
				1F76C7DA215859C200EB6C8C /* RetroTone1.caf in Resources */,
				1F2CE4512175D07300B15C59 /* Incoming-Message.caf in Resources */,
				1F68B2722152228100DC9525 /* LaunchScreen.storyboard in Resources */,
				1F68B26F2152228100DC9525 /* Assets.xcassets in Resources */,
				1F68B29E2152245A00DC9525 /* GoogleService-Info.plist in Resources */,
				1F2CE4502175D07300B15C59 /* Outgoing-Message.caf in Resources */,
			);
			runOnlyForDeploymentPostprocessing = 0;
		};
		1F68B2762152228100DC9525 /* Resources */ = {
			isa = PBXResourcesBuildPhase;
			buildActionMask = 2147483647;
			files = (
			);
			runOnlyForDeploymentPostprocessing = 0;
		};
		1F68B2812152228100DC9525 /* Resources */ = {
			isa = PBXResourcesBuildPhase;
			buildActionMask = 2147483647;
			files = (
			);
			runOnlyForDeploymentPostprocessing = 0;
		};
		1FDB14C0223A488E007CD0E2 /* Resources */ = {
			isa = PBXResourcesBuildPhase;
			buildActionMask = 2147483647;
			files = (
				1FDB14CA223A488F007CD0E2 /* MainInterface.storyboard in Resources */,
			);
			runOnlyForDeploymentPostprocessing = 0;
		};
/* End PBXResourcesBuildPhase section */

/* Begin PBXShellScriptBuildPhase section */
		1F2CE44D2174903F00B15C59 /* Increment Build */ = {
			isa = PBXShellScriptBuildPhase;
			buildActionMask = 2147483647;
			files = (
			);
			inputPaths = (
			);
			name = "Increment Build";
			outputPaths = (
			);
			runOnlyForDeploymentPostprocessing = 0;
			shellPath = /bin/sh;
			shellScript = "# Type a script or drag a script file from your workspace to insert its path.\nbuildNumber=$(/usr/libexec/PlistBuddy -c \"Print CFBundleVersion\" \"${PROJECT_DIR}/${INFOPLIST_FILE}\")\nbuildNumber=$(($buildNumber + 1))\n/usr/libexec/PlistBuddy -c \"Set :CFBundleVersion $buildNumber\" \"${PROJECT_DIR}/${INFOPLIST_FILE}\"\n";
		};
		592B6164159B870D7AB0ACF9 /* [CP] Check Pods Manifest.lock */ = {
			isa = PBXShellScriptBuildPhase;
			buildActionMask = 2147483647;
			files = (
			);
			inputPaths = (
				"${PODS_PODFILE_DIR_PATH}/Podfile.lock",
				"${PODS_ROOT}/Manifest.lock",
			);
			name = "[CP] Check Pods Manifest.lock";
			outputPaths = (
				"$(DERIVED_FILE_DIR)/Pods-Nebula Messenger-checkManifestLockResult.txt",
			);
			runOnlyForDeploymentPostprocessing = 0;
			shellPath = /bin/sh;
			shellScript = "diff \"${PODS_PODFILE_DIR_PATH}/Podfile.lock\" \"${PODS_ROOT}/Manifest.lock\" > /dev/null\nif [ $? != 0 ] ; then\n    # print error to STDERR\n    echo \"error: The sandbox is not in sync with the Podfile.lock. Run 'pod install' or update your CocoaPods installation.\" >&2\n    exit 1\nfi\n# This output is used by Xcode 'outputs' to avoid re-running this script phase.\necho \"SUCCESS\" > \"${SCRIPT_OUTPUT_FILE_0}\"\n";
			showEnvVarsInLog = 0;
		};
		77986232C73B46DADFC5A7BD /* [CP] Check Pods Manifest.lock */ = {
			isa = PBXShellScriptBuildPhase;
			buildActionMask = 2147483647;
			files = (
			);
			inputPaths = (
				"${PODS_PODFILE_DIR_PATH}/Podfile.lock",
				"${PODS_ROOT}/Manifest.lock",
			);
			name = "[CP] Check Pods Manifest.lock";
			outputPaths = (
				"$(DERIVED_FILE_DIR)/Pods-Nebula MessengerTests-checkManifestLockResult.txt",
			);
			runOnlyForDeploymentPostprocessing = 0;
			shellPath = /bin/sh;
			shellScript = "diff \"${PODS_PODFILE_DIR_PATH}/Podfile.lock\" \"${PODS_ROOT}/Manifest.lock\" > /dev/null\nif [ $? != 0 ] ; then\n    # print error to STDERR\n    echo \"error: The sandbox is not in sync with the Podfile.lock. Run 'pod install' or update your CocoaPods installation.\" >&2\n    exit 1\nfi\n# This output is used by Xcode 'outputs' to avoid re-running this script phase.\necho \"SUCCESS\" > \"${SCRIPT_OUTPUT_FILE_0}\"\n";
			showEnvVarsInLog = 0;
		};
		86748AD10E776FAA64B591AA /* [CP] Check Pods Manifest.lock */ = {
			isa = PBXShellScriptBuildPhase;
			buildActionMask = 2147483647;
			files = (
			);
			inputPaths = (
				"${PODS_PODFILE_DIR_PATH}/Podfile.lock",
				"${PODS_ROOT}/Manifest.lock",
			);
			name = "[CP] Check Pods Manifest.lock";
			outputPaths = (
				"$(DERIVED_FILE_DIR)/Pods-Nebula MessengerUITests-checkManifestLockResult.txt",
			);
			runOnlyForDeploymentPostprocessing = 0;
			shellPath = /bin/sh;
			shellScript = "diff \"${PODS_PODFILE_DIR_PATH}/Podfile.lock\" \"${PODS_ROOT}/Manifest.lock\" > /dev/null\nif [ $? != 0 ] ; then\n    # print error to STDERR\n    echo \"error: The sandbox is not in sync with the Podfile.lock. Run 'pod install' or update your CocoaPods installation.\" >&2\n    exit 1\nfi\n# This output is used by Xcode 'outputs' to avoid re-running this script phase.\necho \"SUCCESS\" > \"${SCRIPT_OUTPUT_FILE_0}\"\n";
			showEnvVarsInLog = 0;
		};
		9220E27C2E09F7C67DEB28FC /* [CP] Embed Pods Frameworks */ = {
			isa = PBXShellScriptBuildPhase;
			buildActionMask = 2147483647;
			files = (
			);
			inputPaths = (
				"${SRCROOT}/Pods/Target Support Files/Pods-Nebula Messenger/Pods-Nebula Messenger-frameworks.sh",
				"${BUILT_PRODUCTS_DIR}/Alamofire/Alamofire.framework",
				"${BUILT_PRODUCTS_DIR}/GoogleUtilities/GoogleUtilities.framework",
				"${BUILT_PRODUCTS_DIR}/KeychainAccess/KeychainAccess.framework",
				"${PODS_ROOT}/Mapbox-iOS-SDK/dynamic/Mapbox.framework",
				"${PODS_ROOT}/Mapbox-iOS-SDK/dynamic/Mapbox.framework.dSYM",
				"${BUILT_PRODUCTS_DIR}/Protobuf/Protobuf.framework",
				"${BUILT_PRODUCTS_DIR}/Socket.IO-Client-Swift/SocketIO.framework",
				"${BUILT_PRODUCTS_DIR}/Starscream/Starscream.framework",
				"${BUILT_PRODUCTS_DIR}/SwiftyJSON/SwiftyJSON.framework",
				"${BUILT_PRODUCTS_DIR}/nanopb/nanopb.framework",
			);
			name = "[CP] Embed Pods Frameworks";
			outputPaths = (
				"${TARGET_BUILD_DIR}/${FRAMEWORKS_FOLDER_PATH}/Alamofire.framework",
				"${TARGET_BUILD_DIR}/${FRAMEWORKS_FOLDER_PATH}/GoogleUtilities.framework",
				"${TARGET_BUILD_DIR}/${FRAMEWORKS_FOLDER_PATH}/KeychainAccess.framework",
				"${TARGET_BUILD_DIR}/${FRAMEWORKS_FOLDER_PATH}/Mapbox.framework",
				"${DWARF_DSYM_FOLDER_PATH}/Mapbox.framework.dSYM",
				"${TARGET_BUILD_DIR}/${FRAMEWORKS_FOLDER_PATH}/Protobuf.framework",
				"${TARGET_BUILD_DIR}/${FRAMEWORKS_FOLDER_PATH}/SocketIO.framework",
				"${TARGET_BUILD_DIR}/${FRAMEWORKS_FOLDER_PATH}/Starscream.framework",
				"${TARGET_BUILD_DIR}/${FRAMEWORKS_FOLDER_PATH}/SwiftyJSON.framework",
				"${TARGET_BUILD_DIR}/${FRAMEWORKS_FOLDER_PATH}/nanopb.framework",
			);
			runOnlyForDeploymentPostprocessing = 0;
			shellPath = /bin/sh;
			shellScript = "\"${SRCROOT}/Pods/Target Support Files/Pods-Nebula Messenger/Pods-Nebula Messenger-frameworks.sh\"\n";
			showEnvVarsInLog = 0;
		};
/* End PBXShellScriptBuildPhase section */

/* Begin PBXSourcesBuildPhase section */
		1F68B2602152227F00DC9525 /* Sources */ = {
			isa = PBXSourcesBuildPhase;
			buildActionMask = 2147483647;
			files = (
				1F7E94BE2199BBAF00AA5715 /* PoolChatView.swift in Sources */,
				1F42502F21DC9DFE00CE108C /* ProfileView.swift in Sources */,
				1F68B2A02152258400DC9525 /* SwiftyJSON.swift in Sources */,
				1FC7ED2D21E49958002F1422 /* RegisterView.swift in Sources */,
				1F68B2B22152751700DC9525 /* Routes.swift in Sources */,
				1FC7ED3621E5B7D7002F1422 /* NALoading1.swift in Sources */,
				1FC7ED3D21E5E929002F1422 /* CanvasCourseRouting.swift in Sources */,
				1F16E62B220D75BC00FC7B78 /* CustomInteractor.swift in Sources */,
				1FE4F0FC2168834700E4EF72 /* DiagnosticRoutes.swift in Sources */,
				1F7F763621AD38F5008D3BB1 /* RequestedFriendsVC.swift in Sources */,
				1FA20BC7218D6E83007317B5 /* UserRoutes.swift in Sources */,
				1FA20BC9218D6FCD007317B5 /* MessageRoutes.swift in Sources */,
				1F68B2BF2154A64D00DC9525 /* MessengerVC.swift in Sources */,
				1F16E627220B354A00FC7B78 /* FriendsView.swift in Sources */,
				1FC7ED3B21E5E67B002F1422 /* CanvasRoutes.swift in Sources */,
				1FA20BCC218D728C007317B5 /* GroupChatAddVC.swift in Sources */,
				1F68B2C12154C1C400DC9525 /* MainMenuVC.swift in Sources */,
				1FC7ED3021E4A5F1002F1422 /* SettingsView.swift in Sources */,
				1F7F763421AD10BA008D3BB1 /* AddFriendVC.swift in Sources */,
				1F68B2B82152762A00DC9525 /* Utility.swift in Sources */,
				1F170F162162FD1B009673E2 /* FriendRoutes.swift in Sources */,
				1F2CE44A216DD9C100B15C59 /* PoolAnnotation.swift in Sources */,
				1F68B2AE2152740700DC9525 /* SocketIOManager.swift in Sources */,
				1F5DAE4521FA316500BC26DB /* TestMapBoxView.swift in Sources */,
				1F68B2BD2152DD1300DC9525 /* RegisterVC.swift in Sources */,
				1FDB13F22227244D007CD0E2 /* MessengerBaseVC.swift in Sources */,
				1FDB13ED222231EB007CD0E2 /* ModularKeyboard.swift in Sources */,
				1F68B2A42152367A00DC9525 /* FirebaseGlobals.swift in Sources */,
				1F68B2BB2152789B00DC9525 /* RouteUtils.swift in Sources */,
				1F5DAE4721FA33C200BC26DB /* TestMapBoxVC.swift in Sources */,
				1FE4F105216D321A00E4EF72 /* PoolChatVC.swift in Sources */,
				1F2CE4532175D0C100B15C59 /* MasterAudio.swift in Sources */,
				1FE4F103216CA86C00E4EF72 /* PoolChatCell.swift in Sources */,
				1F170F1A21647157009673E2 /* PoolRoutes.swift in Sources */,
				1F68B26A2152227F00DC9525 /* LoginVC.swift in Sources */,
				1F16E62222078E6000FC7B78 /* SearchBarHeaderView.swift in Sources */,
				1F16E62D221014E900FC7B78 /* RequestedTableViewCell.swift in Sources */,
				1FB413EF21D7306800CB1288 /* FakeLaunchVC.swift in Sources */,
				1FC7ED3421E4A71F002F1422 /* SettingsCell.swift in Sources */,
				1F5DAE4321E9F0F600BC26DB /* PhoneNumberRegVC.swift in Sources */,
				1FDB13F72235035C007CD0E2 /* MessengerBaseViewProto.swift in Sources */,
				1FDB13F922361ACD007CD0E2 /* PoolChatViewProtocol.swift in Sources */,
				1FC7ED2A21E4912F002F1422 /* CustomTransitions.swift in Sources */,
				1FB413F221D7587700CB1288 /* CreateMessageView.swift in Sources */,
				1FE4F101216B139200E4EF72 /* FeedbackVC.swift in Sources */,
				1FA20BD721915671007317B5 /* MessengerView.swift in Sources */,
				1FC7ED3221E4A606002F1422 /* SettingsVC.swift in Sources */,
				1F68B2B6215275CB00DC9525 /* PublicStructs.swift in Sources */,
				1F5DAE4921FEF60600BC26DB /* MBPoolAnnotation.swift in Sources */,
				1FE4F0FE216AB86700E4EF72 /* ColorCell.swift in Sources */,
				1FC7ED3821E5C564002F1422 /* CustomMath.swift in Sources */,
				1F170F182163DBB3009673E2 /* ConversationRoutes.swift in Sources */,
				1F76C7DC215899B500EB6C8C /* MyProfileVC.swift in Sources */,
				1F68B2682152227F00DC9525 /* AppDelegate.swift in Sources */,
				1F68B2B02152749700DC9525 /* GlobalUser.swift in Sources */,
				1F16E629220D660F00FC7B78 /* CustomAnim.swift in Sources */,
				1F76C7E02158A95500EB6C8C /* CreateMessageVC.swift in Sources */,
				1FDB13F5222F3F42007CD0E2 /* MessengerBaseView.swift in Sources */,
				1F16E625220B352300FC7B78 /* FriendsVC.swift in Sources */,
				1FAF4D0821B4FF6100843C89 /* AlertBP.swift in Sources */,
				1F42503221E4047A00CE108C /* LoginView.swift in Sources */,
				1FDB13EF222686F5007CD0E2 /* MainMenuView.swift in Sources */,
				1FE4F0FA21687D4400E4EF72 /* MessageBubble.swift in Sources */,
			);
			runOnlyForDeploymentPostprocessing = 0;
		};
		1F68B2742152228100DC9525 /* Sources */ = {
			isa = PBXSourcesBuildPhase;
			buildActionMask = 2147483647;
			files = (
				1F68B27D2152228100DC9525 /* Nebula_MessengerTests.swift in Sources */,
			);
			runOnlyForDeploymentPostprocessing = 0;
		};
		1F68B27F2152228100DC9525 /* Sources */ = {
			isa = PBXSourcesBuildPhase;
			buildActionMask = 2147483647;
			files = (
				1F68B2882152228100DC9525 /* Nebula_MessengerUITests.swift in Sources */,
			);
			runOnlyForDeploymentPostprocessing = 0;
		};
		1FDB14BE223A488E007CD0E2 /* Sources */ = {
			isa = PBXSourcesBuildPhase;
			buildActionMask = 2147483647;
			files = (
				1FDB14C7223A488E007CD0E2 /* TodayViewController.swift in Sources */,
			);
			runOnlyForDeploymentPostprocessing = 0;
		};
/* End PBXSourcesBuildPhase section */

/* Begin PBXTargetDependency section */
		1F68B27A2152228100DC9525 /* PBXTargetDependency */ = {
			isa = PBXTargetDependency;
			target = 1F68B2632152227F00DC9525 /* Nebula Messenger */;
			targetProxy = 1F68B2792152228100DC9525 /* PBXContainerItemProxy */;
		};
		1F68B2852152228100DC9525 /* PBXTargetDependency */ = {
			isa = PBXTargetDependency;
			target = 1F68B2632152227F00DC9525 /* Nebula Messenger */;
			targetProxy = 1F68B2842152228100DC9525 /* PBXContainerItemProxy */;
		};
		1FDB14CD223A488F007CD0E2 /* PBXTargetDependency */ = {
			isa = PBXTargetDependency;
			target = 1FDB14C1223A488E007CD0E2 /* Nebula Widget */;
			targetProxy = 1FDB14CC223A488F007CD0E2 /* PBXContainerItemProxy */;
		};
/* End PBXTargetDependency section */

/* Begin PBXVariantGroup section */
		1F68B2702152228100DC9525 /* LaunchScreen.storyboard */ = {
			isa = PBXVariantGroup;
			children = (
				1F68B2712152228100DC9525 /* Base */,
			);
			name = LaunchScreen.storyboard;
			sourceTree = "<group>";
		};
		1FDB14C8223A488E007CD0E2 /* MainInterface.storyboard */ = {
			isa = PBXVariantGroup;
			children = (
				1FDB14C9223A488F007CD0E2 /* Base */,
			);
			name = MainInterface.storyboard;
			sourceTree = "<group>";
		};
/* End PBXVariantGroup section */

/* Begin XCBuildConfiguration section */
		1F68B28A2152228100DC9525 /* Debug */ = {
			isa = XCBuildConfiguration;
			buildSettings = {
				ALWAYS_SEARCH_USER_PATHS = NO;
				CLANG_ANALYZER_NONNULL = YES;
				CLANG_ANALYZER_NUMBER_OBJECT_CONVERSION = YES_AGGRESSIVE;
				CLANG_CXX_LANGUAGE_STANDARD = "gnu++14";
				CLANG_CXX_LIBRARY = "libc++";
				CLANG_ENABLE_MODULES = YES;
				CLANG_ENABLE_OBJC_ARC = YES;
				CLANG_ENABLE_OBJC_WEAK = YES;
				CLANG_WARN_BLOCK_CAPTURE_AUTORELEASING = YES;
				CLANG_WARN_BOOL_CONVERSION = YES;
				CLANG_WARN_COMMA = YES;
				CLANG_WARN_CONSTANT_CONVERSION = YES;
				CLANG_WARN_DEPRECATED_OBJC_IMPLEMENTATIONS = YES;
				CLANG_WARN_DIRECT_OBJC_ISA_USAGE = YES_ERROR;
				CLANG_WARN_DOCUMENTATION_COMMENTS = YES;
				CLANG_WARN_EMPTY_BODY = YES;
				CLANG_WARN_ENUM_CONVERSION = YES;
				CLANG_WARN_INFINITE_RECURSION = YES;
				CLANG_WARN_INT_CONVERSION = YES;
				CLANG_WARN_NON_LITERAL_NULL_CONVERSION = YES;
				CLANG_WARN_OBJC_IMPLICIT_RETAIN_SELF = YES;
				CLANG_WARN_OBJC_LITERAL_CONVERSION = YES;
				CLANG_WARN_OBJC_ROOT_CLASS = YES_ERROR;
				CLANG_WARN_RANGE_LOOP_ANALYSIS = YES;
				CLANG_WARN_STRICT_PROTOTYPES = YES;
				CLANG_WARN_SUSPICIOUS_MOVE = YES;
				CLANG_WARN_UNGUARDED_AVAILABILITY = YES_AGGRESSIVE;
				CLANG_WARN_UNREACHABLE_CODE = YES;
				CLANG_WARN__DUPLICATE_METHOD_MATCH = YES;
				CODE_SIGN_IDENTITY = "iPhone Developer";
				COPY_PHASE_STRIP = NO;
				DEBUG_INFORMATION_FORMAT = dwarf;
				ENABLE_STRICT_OBJC_MSGSEND = YES;
				ENABLE_TESTABILITY = YES;
				GCC_C_LANGUAGE_STANDARD = gnu11;
				GCC_DYNAMIC_NO_PIC = NO;
				GCC_NO_COMMON_BLOCKS = YES;
				GCC_OPTIMIZATION_LEVEL = 0;
				GCC_PREPROCESSOR_DEFINITIONS = (
					"DEBUG=1",
					"$(inherited)",
				);
				GCC_WARN_64_TO_32_BIT_CONVERSION = YES;
				GCC_WARN_ABOUT_RETURN_TYPE = YES_ERROR;
				GCC_WARN_UNDECLARED_SELECTOR = YES;
				GCC_WARN_UNINITIALIZED_AUTOS = YES_AGGRESSIVE;
				GCC_WARN_UNUSED_FUNCTION = YES;
				GCC_WARN_UNUSED_VARIABLE = YES;
				IPHONEOS_DEPLOYMENT_TARGET = 12.0;
				MTL_ENABLE_DEBUG_INFO = INCLUDE_SOURCE;
				MTL_FAST_MATH = YES;
				ONLY_ACTIVE_ARCH = YES;
				SDKROOT = iphoneos;
				SWIFT_ACTIVE_COMPILATION_CONDITIONS = DEBUG;
				SWIFT_OPTIMIZATION_LEVEL = "-Onone";
			};
			name = Debug;
		};
		1F68B28B2152228100DC9525 /* Release */ = {
			isa = XCBuildConfiguration;
			buildSettings = {
				ALWAYS_SEARCH_USER_PATHS = NO;
				CLANG_ANALYZER_NONNULL = YES;
				CLANG_ANALYZER_NUMBER_OBJECT_CONVERSION = YES_AGGRESSIVE;
				CLANG_CXX_LANGUAGE_STANDARD = "gnu++14";
				CLANG_CXX_LIBRARY = "libc++";
				CLANG_ENABLE_MODULES = YES;
				CLANG_ENABLE_OBJC_ARC = YES;
				CLANG_ENABLE_OBJC_WEAK = YES;
				CLANG_WARN_BLOCK_CAPTURE_AUTORELEASING = YES;
				CLANG_WARN_BOOL_CONVERSION = YES;
				CLANG_WARN_COMMA = YES;
				CLANG_WARN_CONSTANT_CONVERSION = YES;
				CLANG_WARN_DEPRECATED_OBJC_IMPLEMENTATIONS = YES;
				CLANG_WARN_DIRECT_OBJC_ISA_USAGE = YES_ERROR;
				CLANG_WARN_DOCUMENTATION_COMMENTS = YES;
				CLANG_WARN_EMPTY_BODY = YES;
				CLANG_WARN_ENUM_CONVERSION = YES;
				CLANG_WARN_INFINITE_RECURSION = YES;
				CLANG_WARN_INT_CONVERSION = YES;
				CLANG_WARN_NON_LITERAL_NULL_CONVERSION = YES;
				CLANG_WARN_OBJC_IMPLICIT_RETAIN_SELF = YES;
				CLANG_WARN_OBJC_LITERAL_CONVERSION = YES;
				CLANG_WARN_OBJC_ROOT_CLASS = YES_ERROR;
				CLANG_WARN_RANGE_LOOP_ANALYSIS = YES;
				CLANG_WARN_STRICT_PROTOTYPES = YES;
				CLANG_WARN_SUSPICIOUS_MOVE = YES;
				CLANG_WARN_UNGUARDED_AVAILABILITY = YES_AGGRESSIVE;
				CLANG_WARN_UNREACHABLE_CODE = YES;
				CLANG_WARN__DUPLICATE_METHOD_MATCH = YES;
				CODE_SIGN_IDENTITY = "iPhone Developer";
				COPY_PHASE_STRIP = NO;
				DEBUG_INFORMATION_FORMAT = "dwarf-with-dsym";
				ENABLE_NS_ASSERTIONS = NO;
				ENABLE_STRICT_OBJC_MSGSEND = YES;
				GCC_C_LANGUAGE_STANDARD = gnu11;
				GCC_NO_COMMON_BLOCKS = YES;
				GCC_WARN_64_TO_32_BIT_CONVERSION = YES;
				GCC_WARN_ABOUT_RETURN_TYPE = YES_ERROR;
				GCC_WARN_UNDECLARED_SELECTOR = YES;
				GCC_WARN_UNINITIALIZED_AUTOS = YES_AGGRESSIVE;
				GCC_WARN_UNUSED_FUNCTION = YES;
				GCC_WARN_UNUSED_VARIABLE = YES;
				IPHONEOS_DEPLOYMENT_TARGET = 12.0;
				MTL_ENABLE_DEBUG_INFO = NO;
				MTL_FAST_MATH = YES;
				SDKROOT = iphoneos;
				SWIFT_COMPILATION_MODE = wholemodule;
				SWIFT_OPTIMIZATION_LEVEL = "-O";
				VALIDATE_PRODUCT = YES;
			};
			name = Release;
		};
		1F68B28D2152228100DC9525 /* Debug */ = {
			isa = XCBuildConfiguration;
			baseConfigurationReference = DDB3068D867D34DC3384F248 /* Pods-Nebula Messenger.debug.xcconfig */;
			buildSettings = {
				ALWAYS_EMBED_SWIFT_STANDARD_LIBRARIES = YES;
				ASSETCATALOG_COMPILER_APPICON_NAME = AppIcon;
				CODE_SIGN_ENTITLEMENTS = "Nebula Messenger/Nebula Messenger.entitlements";
				CODE_SIGN_STYLE = Automatic;
				DEVELOPMENT_TEAM = C98483BJST;
				INFOPLIST_FILE = "Nebula Messenger/Info.plist";
				IPHONEOS_DEPLOYMENT_TARGET = 11.0;
				LD_RUNPATH_SEARCH_PATHS = (
					"$(inherited)",
					"@executable_path/Frameworks",
				);
				PRODUCT_BUNDLE_IDENTIFIER = "musicdev.Nebula-Messenger";
				PRODUCT_NAME = "$(TARGET_NAME)";
				SWIFT_VERSION = 4.2;
				TARGETED_DEVICE_FAMILY = 1;
			};
			name = Debug;
		};
		1F68B28E2152228100DC9525 /* Release */ = {
			isa = XCBuildConfiguration;
			baseConfigurationReference = 79D2AC0E990DB0988BFB8A3D /* Pods-Nebula Messenger.release.xcconfig */;
			buildSettings = {
				ALWAYS_EMBED_SWIFT_STANDARD_LIBRARIES = YES;
				ASSETCATALOG_COMPILER_APPICON_NAME = AppIcon;
				CODE_SIGN_ENTITLEMENTS = "Nebula Messenger/Nebula Messenger.entitlements";
				CODE_SIGN_STYLE = Automatic;
				DEVELOPMENT_TEAM = C98483BJST;
				INFOPLIST_FILE = "Nebula Messenger/Info.plist";
				IPHONEOS_DEPLOYMENT_TARGET = 11.0;
				LD_RUNPATH_SEARCH_PATHS = (
					"$(inherited)",
					"@executable_path/Frameworks",
				);
				PRODUCT_BUNDLE_IDENTIFIER = "musicdev.Nebula-Messenger";
				PRODUCT_NAME = "$(TARGET_NAME)";
				SWIFT_VERSION = 4.2;
				TARGETED_DEVICE_FAMILY = 1;
			};
			name = Release;
		};
		1F68B2902152228100DC9525 /* Debug */ = {
			isa = XCBuildConfiguration;
			baseConfigurationReference = AC57574C956CDD8AD45B49C6 /* Pods-Nebula MessengerTests.debug.xcconfig */;
			buildSettings = {
				ALWAYS_EMBED_SWIFT_STANDARD_LIBRARIES = YES;
				BUNDLE_LOADER = "$(TEST_HOST)";
				CODE_SIGN_STYLE = Automatic;
				DEVELOPMENT_TEAM = C98483BJST;
				INFOPLIST_FILE = "Nebula MessengerTests/Info.plist";
				LD_RUNPATH_SEARCH_PATHS = (
					"$(inherited)",
					"@executable_path/Frameworks",
					"@loader_path/Frameworks",
				);
				PRODUCT_BUNDLE_IDENTIFIER = "musicdev.Nebula-MessengerTests";
				PRODUCT_NAME = "$(TARGET_NAME)";
				SWIFT_VERSION = 4.2;
				TARGETED_DEVICE_FAMILY = "1,2";
				TEST_HOST = "$(BUILT_PRODUCTS_DIR)/Nebula Messenger.app/Nebula Messenger";
			};
			name = Debug;
		};
		1F68B2912152228100DC9525 /* Release */ = {
			isa = XCBuildConfiguration;
			baseConfigurationReference = FF3295CE16CE38884B7A147B /* Pods-Nebula MessengerTests.release.xcconfig */;
			buildSettings = {
				ALWAYS_EMBED_SWIFT_STANDARD_LIBRARIES = YES;
				BUNDLE_LOADER = "$(TEST_HOST)";
				CODE_SIGN_STYLE = Automatic;
				DEVELOPMENT_TEAM = C98483BJST;
				INFOPLIST_FILE = "Nebula MessengerTests/Info.plist";
				LD_RUNPATH_SEARCH_PATHS = (
					"$(inherited)",
					"@executable_path/Frameworks",
					"@loader_path/Frameworks",
				);
				PRODUCT_BUNDLE_IDENTIFIER = "musicdev.Nebula-MessengerTests";
				PRODUCT_NAME = "$(TARGET_NAME)";
				SWIFT_VERSION = 4.2;
				TARGETED_DEVICE_FAMILY = "1,2";
				TEST_HOST = "$(BUILT_PRODUCTS_DIR)/Nebula Messenger.app/Nebula Messenger";
			};
			name = Release;
		};
		1F68B2932152228100DC9525 /* Debug */ = {
			isa = XCBuildConfiguration;
			baseConfigurationReference = 751DC700DA180EC2A39C1202 /* Pods-Nebula MessengerUITests.debug.xcconfig */;
			buildSettings = {
				ALWAYS_EMBED_SWIFT_STANDARD_LIBRARIES = YES;
				CODE_SIGN_STYLE = Automatic;
				DEVELOPMENT_TEAM = C98483BJST;
				INFOPLIST_FILE = "Nebula MessengerUITests/Info.plist";
				LD_RUNPATH_SEARCH_PATHS = (
					"$(inherited)",
					"@executable_path/Frameworks",
					"@loader_path/Frameworks",
				);
				PRODUCT_BUNDLE_IDENTIFIER = "musicdev.Nebula-MessengerUITests";
				PRODUCT_NAME = "$(TARGET_NAME)";
				SWIFT_VERSION = 4.2;
				TARGETED_DEVICE_FAMILY = "1,2";
				TEST_TARGET_NAME = "Nebula Messenger";
			};
			name = Debug;
		};
		1F68B2942152228100DC9525 /* Release */ = {
			isa = XCBuildConfiguration;
			baseConfigurationReference = 4D4E0E1BC3C0735B97326380 /* Pods-Nebula MessengerUITests.release.xcconfig */;
			buildSettings = {
				ALWAYS_EMBED_SWIFT_STANDARD_LIBRARIES = YES;
				CODE_SIGN_STYLE = Automatic;
				DEVELOPMENT_TEAM = C98483BJST;
				INFOPLIST_FILE = "Nebula MessengerUITests/Info.plist";
				LD_RUNPATH_SEARCH_PATHS = (
					"$(inherited)",
					"@executable_path/Frameworks",
					"@loader_path/Frameworks",
				);
				PRODUCT_BUNDLE_IDENTIFIER = "musicdev.Nebula-MessengerUITests";
				PRODUCT_NAME = "$(TARGET_NAME)";
				SWIFT_VERSION = 4.2;
				TARGETED_DEVICE_FAMILY = "1,2";
				TEST_TARGET_NAME = "Nebula Messenger";
			};
			name = Release;
		};
		1FDB14CF223A488F007CD0E2 /* Debug */ = {
			isa = XCBuildConfiguration;
			buildSettings = {
				CODE_SIGN_STYLE = Automatic;
				DEVELOPMENT_TEAM = C98483BJST;
				INFOPLIST_FILE = "Nebula Widget/Info.plist";
				IPHONEOS_DEPLOYMENT_TARGET = 12.1;
				LD_RUNPATH_SEARCH_PATHS = (
					"$(inherited)",
					"@executable_path/Frameworks",
					"@executable_path/../../Frameworks",
				);
				PRODUCT_BUNDLE_IDENTIFIER = "musicdev.Nebula-Messenger.Nebula-Widget";
				PRODUCT_NAME = "$(TARGET_NAME)";
				SKIP_INSTALL = YES;
				SWIFT_VERSION = 4.2;
				TARGETED_DEVICE_FAMILY = "1,2";
			};
			name = Debug;
		};
		1FDB14D0223A488F007CD0E2 /* Release */ = {
			isa = XCBuildConfiguration;
			buildSettings = {
				CODE_SIGN_STYLE = Automatic;
				DEVELOPMENT_TEAM = C98483BJST;
				INFOPLIST_FILE = "Nebula Widget/Info.plist";
				IPHONEOS_DEPLOYMENT_TARGET = 12.1;
				LD_RUNPATH_SEARCH_PATHS = (
					"$(inherited)",
					"@executable_path/Frameworks",
					"@executable_path/../../Frameworks",
				);
				PRODUCT_BUNDLE_IDENTIFIER = "musicdev.Nebula-Messenger.Nebula-Widget";
				PRODUCT_NAME = "$(TARGET_NAME)";
				SKIP_INSTALL = YES;
				SWIFT_VERSION = 4.2;
				TARGETED_DEVICE_FAMILY = "1,2";
			};
			name = Release;
		};
/* End XCBuildConfiguration section */

/* Begin XCConfigurationList section */
		1F68B25F2152227F00DC9525 /* Build configuration list for PBXProject "Nebula Messenger" */ = {
			isa = XCConfigurationList;
			buildConfigurations = (
				1F68B28A2152228100DC9525 /* Debug */,
				1F68B28B2152228100DC9525 /* Release */,
			);
			defaultConfigurationIsVisible = 0;
			defaultConfigurationName = Release;
		};
		1F68B28C2152228100DC9525 /* Build configuration list for PBXNativeTarget "Nebula Messenger" */ = {
			isa = XCConfigurationList;
			buildConfigurations = (
				1F68B28D2152228100DC9525 /* Debug */,
				1F68B28E2152228100DC9525 /* Release */,
			);
			defaultConfigurationIsVisible = 0;
			defaultConfigurationName = Release;
		};
		1F68B28F2152228100DC9525 /* Build configuration list for PBXNativeTarget "Nebula MessengerTests" */ = {
			isa = XCConfigurationList;
			buildConfigurations = (
				1F68B2902152228100DC9525 /* Debug */,
				1F68B2912152228100DC9525 /* Release */,
			);
			defaultConfigurationIsVisible = 0;
			defaultConfigurationName = Release;
		};
		1F68B2922152228100DC9525 /* Build configuration list for PBXNativeTarget "Nebula MessengerUITests" */ = {
			isa = XCConfigurationList;
			buildConfigurations = (
				1F68B2932152228100DC9525 /* Debug */,
				1F68B2942152228100DC9525 /* Release */,
			);
			defaultConfigurationIsVisible = 0;
			defaultConfigurationName = Release;
		};
		1FDB14D1223A488F007CD0E2 /* Build configuration list for PBXNativeTarget "Nebula Widget" */ = {
			isa = XCConfigurationList;
			buildConfigurations = (
				1FDB14CF223A488F007CD0E2 /* Debug */,
				1FDB14D0223A488F007CD0E2 /* Release */,
			);
			defaultConfigurationIsVisible = 0;
			defaultConfigurationName = Release;
		};
/* End XCConfigurationList section */
	};
	rootObject = 1F68B25C2152227F00DC9525 /* Project object */;
}
